
Microsoft Visual Studio Solution File, Format Version 12.00
# Visual Studio Version 16
VisualStudioVersion = 16.0.31624.102
MinimumVisualStudioVersion = 10.0.40219.1
Project("{FAE04EC0-301F-11D3-BF4B-00C04F79EFBC}") = "sedova7.2", "sedova7.2\sedova7.2.csproj", "{0CA643DB-BDC1-4E4A-8173-6D11E0A1F842}"
EndProject
Global
	GlobalSection(SolutionConfigurationPlatforms) = preSolution
		Debug|Any CPU = Debug|Any CPU
		Release|Any CPU = Release|Any CPU
	EndGlobalSection
	GlobalSection(ProjectConfigurationPlatforms) = postSolution
		{0CA643DB-BDC1-4E4A-8173-6D11E0A1F842}.Debug|Any CPU.ActiveCfg = Debug|Any CPU
		{0CA643DB-BDC1-4E4A-8173-6D11E0A1F842}.Debug|Any CPU.Build.0 = Debug|Any CPU
		{0CA643DB-BDC1-4E4A-8173-6D11E0A1F842}.Release|Any CPU.ActiveCfg = Release|Any CPU
		{0CA643DB-BDC1-4E4A-8173-6D11E0A1F842}.Release|Any CPU.Build.0 = Release|Any CPU
	EndGlobalSection
	GlobalSection(SolutionProperties) = preSolution
		HideSolutionNode = FALSE
	EndGlobalSection
	GlobalSection(ExtensibilityGlobals) = postSolution
		SolutionGuid = {B77C62EA-2C65-414F-BC5D-6F90DC0D3891}
	EndGlobalSection
EndGlobal
